
Microsoft Visual Studio Solution File, Format Version 12.00
# Visual Studio 2013
VisualStudioVersion = 12.0.31101.0
MinimumVisualStudioVersion = 10.0.40219.1
Project("{8BC9CEB8-8B4A-11D0-8D11-00A0C91BC942}") = "WinAPI_26.04.2015_1", "WinAPI_26.04.2015_1\WinAPI_26.04.2015_1.vcxproj", "{D3277FC2-2ADA-46A6-B23D-C1F914E50C60}"
EndProject
Project("{8BC9CEB8-8B4A-11D0-8D11-00A0C91BC942}") = "WinAPI_26.04.2015_2", "WinAPI_26.04.2015_2\WinAPI_26.04.2015_2.vcxproj", "{3421BC4D-4DED-4D15-AE9A-47E005102CC5}"
EndProject
Project("{2150E333-8FDC-42A3-9474-1A3956D46DE8}") = "26.04.2015_1", "26.04.2015_1", "{16D65D00-73D0-4414-9241-C21EAAF3C541}"
EndProject
Project("{2150E333-8FDC-42A3-9474-1A3956D46DE8}") = "26.04.2015_2", "26.04.2015_2", "{3B6A3305-A0A3-470D-BC89-EDF239E43064}"
EndProject
Project("{2150E333-8FDC-42A3-9474-1A3956D46DE8}") = "26.04.2015_3", "26.04.2015_3", "{C7EA6919-DA64-4CC1-B4C1-D6AE4F0C16F2}"
EndProject
Project("{8BC9CEB8-8B4A-11D0-8D11-00A0C91BC942}") = "WinAPI_26.04.2015_3", "WinAPI_26.04.2015_3\WinAPI_26.04.2015_3.vcxproj", "{B9B8DAEB-766C-435E-829C-ECF0B5E01178}"
EndProject
Global
	GlobalSection(SolutionConfigurationPlatforms) = preSolution
		Debug|Win32 = Debug|Win32
		Release|Win32 = Release|Win32
	EndGlobalSection
	GlobalSection(ProjectConfigurationPlatforms) = postSolution
		{D3277FC2-2ADA-46A6-B23D-C1F914E50C60}.Debug|Win32.ActiveCfg = Debug|Win32
		{D3277FC2-2ADA-46A6-B23D-C1F914E50C60}.Debug|Win32.Build.0 = Debug|Win32
		{D3277FC2-2ADA-46A6-B23D-C1F914E50C60}.Release|Win32.ActiveCfg = Release|Win32
		{D3277FC2-2ADA-46A6-B23D-C1F914E50C60}.Release|Win32.Build.0 = Release|Win32
		{3421BC4D-4DED-4D15-AE9A-47E005102CC5}.Debug|Win32.ActiveCfg = Debug|Win32
		{3421BC4D-4DED-4D15-AE9A-47E005102CC5}.Debug|Win32.Build.0 = Debug|Win32
		{3421BC4D-4DED-4D15-AE9A-47E005102CC5}.Release|Win32.ActiveCfg = Release|Win32
		{3421BC4D-4DED-4D15-AE9A-47E005102CC5}.Release|Win32.Build.0 = Release|Win32
		{B9B8DAEB-766C-435E-829C-ECF0B5E01178}.Debug|Win32.ActiveCfg = Debug|Win32
		{B9B8DAEB-766C-435E-829C-ECF0B5E01178}.Debug|Win32.Build.0 = Debug|Win32
		{B9B8DAEB-766C-435E-829C-ECF0B5E01178}.Release|Win32.ActiveCfg = Release|Win32
		{B9B8DAEB-766C-435E-829C-ECF0B5E01178}.Release|Win32.Build.0 = Release|Win32
	EndGlobalSection
	GlobalSection(SolutionProperties) = preSolution
		HideSolutionNode = FALSE
	EndGlobalSection
	GlobalSection(NestedProjects) = preSolution
		{D3277FC2-2ADA-46A6-B23D-C1F914E50C60} = {16D65D00-73D0-4414-9241-C21EAAF3C541}
		{3421BC4D-4DED-4D15-AE9A-47E005102CC5} = {3B6A3305-A0A3-470D-BC89-EDF239E43064}
		{B9B8DAEB-766C-435E-829C-ECF0B5E01178} = {C7EA6919-DA64-4CC1-B4C1-D6AE4F0C16F2}
	EndGlobalSection
EndGlobal
