
Microsoft Visual Studio Solution File, Format Version 12.00
# Visual Studio 2013
VisualStudioVersion = 12.0.31101.0
MinimumVisualStudioVersion = 10.0.40219.1
Project("{8BC9CEB8-8B4A-11D0-8D11-00A0C91BC942}") = "WinAPIHomework", "WinAPIHomework\WinAPIHomework.vcxproj", "{2920AB2A-217B-4528-BFD7-C24A62A6649D}"
EndProject
Project("{2150E333-8FDC-42A3-9474-1A3956D46DE8}") = "WinAPI119042015", "WinAPI119042015", "{A0C5F956-07E5-49E4-9F8E-871F55125CC0}"
EndProject
Project("{2150E333-8FDC-42A3-9474-1A3956D46DE8}") = "WinAPI219042015", "WinAPI219042015", "{F57F5016-2127-4FFA-8CEC-4647644C4A65}"
EndProject
Project("{8BC9CEB8-8B4A-11D0-8D11-00A0C91BC942}") = "WinAPI2", "WinAPI2\WinAPI2.vcxproj", "{D42BD535-D455-4E7F-9EB2-4E5799F67DAA}"
EndProject
Project("{2150E333-8FDC-42A3-9474-1A3956D46DE8}") = "WinAPI319042015", "WinAPI319042015", "{72C73D76-362E-4246-92EF-F898B4CBFA7F}"
EndProject
Project("{8BC9CEB8-8B4A-11D0-8D11-00A0C91BC942}") = "WinAPI3", "WinAPI3\WinAPI3.vcxproj", "{187C9C2E-B59B-4D6C-913A-04A01790DBE3}"
EndProject
Global
	GlobalSection(SolutionConfigurationPlatforms) = preSolution
		Debug|Win32 = Debug|Win32
		Release|Win32 = Release|Win32
	EndGlobalSection
	GlobalSection(ProjectConfigurationPlatforms) = postSolution
		{2920AB2A-217B-4528-BFD7-C24A62A6649D}.Debug|Win32.ActiveCfg = Debug|Win32
		{2920AB2A-217B-4528-BFD7-C24A62A6649D}.Debug|Win32.Build.0 = Debug|Win32
		{2920AB2A-217B-4528-BFD7-C24A62A6649D}.Release|Win32.ActiveCfg = Release|Win32
		{2920AB2A-217B-4528-BFD7-C24A62A6649D}.Release|Win32.Build.0 = Release|Win32
		{D42BD535-D455-4E7F-9EB2-4E5799F67DAA}.Debug|Win32.ActiveCfg = Debug|Win32
		{D42BD535-D455-4E7F-9EB2-4E5799F67DAA}.Debug|Win32.Build.0 = Debug|Win32
		{D42BD535-D455-4E7F-9EB2-4E5799F67DAA}.Release|Win32.ActiveCfg = Release|Win32
		{D42BD535-D455-4E7F-9EB2-4E5799F67DAA}.Release|Win32.Build.0 = Release|Win32
		{187C9C2E-B59B-4D6C-913A-04A01790DBE3}.Debug|Win32.ActiveCfg = Debug|Win32
		{187C9C2E-B59B-4D6C-913A-04A01790DBE3}.Debug|Win32.Build.0 = Debug|Win32
		{187C9C2E-B59B-4D6C-913A-04A01790DBE3}.Release|Win32.ActiveCfg = Release|Win32
		{187C9C2E-B59B-4D6C-913A-04A01790DBE3}.Release|Win32.Build.0 = Release|Win32
	EndGlobalSection
	GlobalSection(SolutionProperties) = preSolution
		HideSolutionNode = FALSE
	EndGlobalSection
	GlobalSection(NestedProjects) = preSolution
		{2920AB2A-217B-4528-BFD7-C24A62A6649D} = {A0C5F956-07E5-49E4-9F8E-871F55125CC0}
		{D42BD535-D455-4E7F-9EB2-4E5799F67DAA} = {F57F5016-2127-4FFA-8CEC-4647644C4A65}
		{187C9C2E-B59B-4D6C-913A-04A01790DBE3} = {72C73D76-362E-4246-92EF-F898B4CBFA7F}
	EndGlobalSection
EndGlobal
